// !$*UTF8*$!
{
	archiveVersion = 1;
	classes = {
	};
	objectVersion = 56;
	objects = {

/* Begin PBXBuildFile section */
		15A1E4222902CFBD00603D8A /* StartTestView.swift in Sources */ = {isa = PBXBuildFile; fileRef = 15A1E4212902CFBD00603D8A /* StartTestView.swift */; };
		15A1E4262902D00E00603D8A /* ResultProtocol.swift in Sources */ = {isa = PBXBuildFile; fileRef = 15A1E4252902D00E00603D8A /* ResultProtocol.swift */; };
		15A1E4282902D26400603D8A /* VisuallyResult.swift in Sources */ = {isa = PBXBuildFile; fileRef = 15A1E4272902D26400603D8A /* VisuallyResult.swift */; };
		15A1E42A2902D5F200603D8A /* ColorHexPicker.swift in Sources */ = {isa = PBXBuildFile; fileRef = 15A1E4292902D5F200603D8A /* ColorHexPicker.swift */; };
		15A1E42C2902DF2900603D8A /* AuditoryResult.swift in Sources */ = {isa = PBXBuildFile; fileRef = 15A1E42B2902DF2900603D8A /* AuditoryResult.swift */; };
		15A1E42E2902E4FF00603D8A /* KineticsResult.swift in Sources */ = {isa = PBXBuildFile; fileRef = 15A1E42D2902E4FF00603D8A /* KineticsResult.swift */; };
		15A1E4322902E65F00603D8A /* TactileResult.swift in Sources */ = {isa = PBXBuildFile; fileRef = 15A1E4312902E65F00603D8A /* TactileResult.swift */; };
		15A1E4362902E86700603D8A /* QuestionProtocol.swift in Sources */ = {isa = PBXBuildFile; fileRef = 15A1E4352902E86700603D8A /* QuestionProtocol.swift */; };
		15A1E4382902E98000603D8A /* FirstQuestion.swift in Sources */ = {isa = PBXBuildFile; fileRef = 15A1E4372902E98000603D8A /* FirstQuestion.swift */; };
		15A1E43A2902F1C300603D8A /* SecondQuestion.swift in Sources */ = {isa = PBXBuildFile; fileRef = 15A1E4392902F1C300603D8A /* SecondQuestion.swift */; };
		15A1E43C2902F1EC00603D8A /* ThirdQuestion.swift in Sources */ = {isa = PBXBuildFile; fileRef = 15A1E43B2902F1EC00603D8A /* ThirdQuestion.swift */; };
		15A1E43E2902F21100603D8A /* FourthQuestion.swift in Sources */ = {isa = PBXBuildFile; fileRef = 15A1E43D2902F21100603D8A /* FourthQuestion.swift */; };
		15A6D4DA290175AD00C5E54F /* MemoryApp.swift in Sources */ = {isa = PBXBuildFile; fileRef = 15A6D4D9290175AD00C5E54F /* MemoryApp.swift */; };
		15A6D4DC290175AD00C5E54F /* ContentView.swift in Sources */ = {isa = PBXBuildFile; fileRef = 15A6D4DB290175AD00C5E54F /* ContentView.swift */; };
		15A6D4DE290175AD00C5E54F /* Assets.xcassets in Resources */ = {isa = PBXBuildFile; fileRef = 15A6D4DD290175AD00C5E54F /* Assets.xcassets */; };
		15A6D4E1290175AD00C5E54F /* Preview Assets.xcassets in Resources */ = {isa = PBXBuildFile; fileRef = 15A6D4E0290175AD00C5E54F /* Preview Assets.xcassets */; };
		15C8A3352906AE30005F463C /* AnswerButton.swift in Sources */ = {isa = PBXBuildFile; fileRef = 15C8A3342906AE30005F463C /* AnswerButton.swift */; };
/* End PBXBuildFile section */

/* Begin PBXFileReference section */
		15A1E4212902CFBD00603D8A /* StartTestView.swift */ = {isa = PBXFileReference; lastKnownFileType = sourcecode.swift; path = StartTestView.swift; sourceTree = "<group>"; };
		15A1E4252902D00E00603D8A /* ResultProtocol.swift */ = {isa = PBXFileReference; lastKnownFileType = sourcecode.swift; path = ResultProtocol.swift; sourceTree = "<group>"; };
		15A1E4272902D26400603D8A /* VisuallyResult.swift */ = {isa = PBXFileReference; lastKnownFileType = sourcecode.swift; path = VisuallyResult.swift; sourceTree = "<group>"; };
		15A1E4292902D5F200603D8A /* ColorHexPicker.swift */ = {isa = PBXFileReference; lastKnownFileType = sourcecode.swift; path = ColorHexPicker.swift; sourceTree = "<group>"; };
		15A1E42B2902DF2900603D8A /* AuditoryResult.swift */ = {isa = PBXFileReference; lastKnownFileType = sourcecode.swift; path = AuditoryResult.swift; sourceTree = "<group>"; };
		15A1E42D2902E4FF00603D8A /* KineticsResult.swift */ = {isa = PBXFileReference; lastKnownFileType = sourcecode.swift; path = KineticsResult.swift; sourceTree = "<group>"; };
		15A1E4312902E65F00603D8A /* TactileResult.swift */ = {isa = PBXFileReference; lastKnownFileType = sourcecode.swift; path = TactileResult.swift; sourceTree = "<group>"; };
		15A1E4352902E86700603D8A /* QuestionProtocol.swift */ = {isa = PBXFileReference; lastKnownFileType = sourcecode.swift; path = QuestionProtocol.swift; sourceTree = "<group>"; };
		15A1E4372902E98000603D8A /* FirstQuestion.swift */ = {isa = PBXFileReference; lastKnownFileType = sourcecode.swift; path = FirstQuestion.swift; sourceTree = "<group>"; };
		15A1E4392902F1C300603D8A /* SecondQuestion.swift */ = {isa = PBXFileReference; lastKnownFileType = sourcecode.swift; path = SecondQuestion.swift; sourceTree = "<group>"; };
		15A1E43B2902F1EC00603D8A /* ThirdQuestion.swift */ = {isa = PBXFileReference; lastKnownFileType = sourcecode.swift; path = ThirdQuestion.swift; sourceTree = "<group>"; };
		15A1E43D2902F21100603D8A /* FourthQuestion.swift */ = {isa = PBXFileReference; lastKnownFileType = sourcecode.swift; path = FourthQuestion.swift; sourceTree = "<group>"; };
		15A6D4D6290175AD00C5E54F /* Memory.app */ = {isa = PBXFileReference; explicitFileType = wrapper.application; includeInIndex = 0; path = Memory.app; sourceTree = BUILT_PRODUCTS_DIR; };
		15A6D4D9290175AD00C5E54F /* MemoryApp.swift */ = {isa = PBXFileReference; lastKnownFileType = sourcecode.swift; path = MemoryApp.swift; sourceTree = "<group>"; };
		15A6D4DB290175AD00C5E54F /* ContentView.swift */ = {isa = PBXFileReference; lastKnownFileType = sourcecode.swift; path = ContentView.swift; sourceTree = "<group>"; };
		15A6D4DD290175AD00C5E54F /* Assets.xcassets */ = {isa = PBXFileReference; lastKnownFileType = folder.assetcatalog; path = Assets.xcassets; sourceTree = "<group>"; };
		15A6D4E0290175AD00C5E54F /* Preview Assets.xcassets */ = {isa = PBXFileReference; lastKnownFileType = folder.assetcatalog; path = "Preview Assets.xcassets"; sourceTree = "<group>"; };
		15C8A3342906AE30005F463C /* AnswerButton.swift */ = {isa = PBXFileReference; lastKnownFileType = sourcecode.swift; path = AnswerButton.swift; sourceTree = "<group>"; };
/* End PBXFileReference section */

/* Begin PBXFrameworksBuildPhase section */
		15A6D4D3290175AD00C5E54F /* Frameworks */ = {
			isa = PBXFrameworksBuildPhase;
			buildActionMask = 2147483647;
			files = (
			);
			runOnlyForDeploymentPostprocessing = 0;
		};
/* End PBXFrameworksBuildPhase section */

/* Begin PBXGroup section */
		15A1E41D2902CF4100603D8A /* Test */ = {
			isa = PBXGroup;
			children = (
				15A1E4242902CFCF00603D8A /* ResultsViews */,
				15A1E4232902CFC600603D8A /* QuestionsViews */,
				15A1E4212902CFBD00603D8A /* StartTestView.swift */,
			);
			path = Test;
			sourceTree = "<group>";
		};
		15A1E4232902CFC600603D8A /* QuestionsViews */ = {
			isa = PBXGroup;
			children = (
				15A1E4352902E86700603D8A /* QuestionProtocol.swift */,
				15A1E4372902E98000603D8A /* FirstQuestion.swift */,
				15A1E4392902F1C300603D8A /* SecondQuestion.swift */,
				15A1E43B2902F1EC00603D8A /* ThirdQuestion.swift */,
				15A1E43D2902F21100603D8A /* FourthQuestion.swift */,
				15C8A3342906AE30005F463C /* AnswerButton.swift */,
			);
			path = QuestionsViews;
			sourceTree = "<group>";
		};
		15A1E4242902CFCF00603D8A /* ResultsViews */ = {
			isa = PBXGroup;
			children = (
				15A1E4252902D00E00603D8A /* ResultProtocol.swift */,
				15A1E4272902D26400603D8A /* VisuallyResult.swift */,
				15A1E42B2902DF2900603D8A /* AuditoryResult.swift */,
				15A1E42D2902E4FF00603D8A /* KineticsResult.swift */,
				15A1E4312902E65F00603D8A /* TactileResult.swift */,
			);
			path = ResultsViews;
			sourceTree = "<group>";
		};
		15A6D4CD290175AD00C5E54F = {
			isa = PBXGroup;
			children = (
				15A6D4D8290175AD00C5E54F /* Memory */,
				15A6D4D7290175AD00C5E54F /* Products */,
			);
			sourceTree = "<group>";
		};
		15A6D4D7290175AD00C5E54F /* Products */ = {
			isa = PBXGroup;
			children = (
				15A6D4D6290175AD00C5E54F /* Memory.app */,
			);
			name = Products;
			sourceTree = "<group>";
		};
		15A6D4D8290175AD00C5E54F /* Memory */ = {
			isa = PBXGroup;
			children = (
				15A1E41D2902CF4100603D8A /* Test */,
				15A6D4D9290175AD00C5E54F /* MemoryApp.swift */,
				15A6D4DB290175AD00C5E54F /* ContentView.swift */,
				15A6D4DD290175AD00C5E54F /* Assets.xcassets */,
				15A6D4DF290175AD00C5E54F /* Preview Content */,
				15A1E4292902D5F200603D8A /* ColorHexPicker.swift */,
			);
			path = Memory;
			sourceTree = "<group>";
		};
		15A6D4DF290175AD00C5E54F /* Preview Content */ = {
			isa = PBXGroup;
			children = (
				15A6D4E0290175AD00C5E54F /* Preview Assets.xcassets */,
			);
			path = "Preview Content";
			sourceTree = "<group>";
		};
/* End PBXGroup section */

/* Begin PBXNativeTarget section */
		15A6D4D5290175AD00C5E54F /* Memory */ = {
			isa = PBXNativeTarget;
			buildConfigurationList = 15A6D4E4290175AD00C5E54F /* Build configuration list for PBXNativeTarget "Memory" */;
			buildPhases = (
				15A6D4D2290175AD00C5E54F /* Sources */,
				15A6D4D3290175AD00C5E54F /* Frameworks */,
				15A6D4D4290175AD00C5E54F /* Resources */,
			);
			buildRules = (
			);
			dependencies = (
			);
			name = Memory;
			productName = Memory;
			productReference = 15A6D4D6290175AD00C5E54F /* Memory.app */;
			productType = "com.apple.product-type.application";
		};
/* End PBXNativeTarget section */

/* Begin PBXProject section */
		15A6D4CE290175AD00C5E54F /* Project object */ = {
			isa = PBXProject;
			attributes = {
				BuildIndependentTargetsInParallel = 1;
				LastSwiftUpdateCheck = 1400;
				LastUpgradeCheck = 1400;
				TargetAttributes = {
					15A6D4D5290175AD00C5E54F = {
						CreatedOnToolsVersion = 14.0.1;
					};
				};
			};
			buildConfigurationList = 15A6D4D1290175AD00C5E54F /* Build configuration list for PBXProject "Memory" */;
			compatibilityVersion = "Xcode 14.0";
			developmentRegion = en;
			hasScannedForEncodings = 0;
			knownRegions = (
				en,
				Base,
			);
			mainGroup = 15A6D4CD290175AD00C5E54F;
			productRefGroup = 15A6D4D7290175AD00C5E54F /* Products */;
			projectDirPath = "";
			projectRoot = "";
			targets = (
				15A6D4D5290175AD00C5E54F /* Memory */,
			);
		};
/* End PBXProject section */

/* Begin PBXResourcesBuildPhase section */
		15A6D4D4290175AD00C5E54F /* Resources */ = {
			isa = PBXResourcesBuildPhase;
			buildActionMask = 2147483647;
			files = (
				15A6D4E1290175AD00C5E54F /* Preview Assets.xcassets in Resources */,
				15A6D4DE290175AD00C5E54F /* Assets.xcassets in Resources */,
			);
			runOnlyForDeploymentPostprocessing = 0;
		};
/* End PBXResourcesBuildPhase section */

/* Begin PBXSourcesBuildPhase section */
		15A6D4D2290175AD00C5E54F /* Sources */ = {
			isa = PBXSourcesBuildPhase;
			buildActionMask = 2147483647;
			files = (
				15A1E42E2902E4FF00603D8A /* KineticsResult.swift in Sources */,
				15A1E4362902E86700603D8A /* QuestionProtocol.swift in Sources */,
				15A1E4262902D00E00603D8A /* ResultProtocol.swift in Sources */,
				15A1E4322902E65F00603D8A /* TactileResult.swift in Sources */,
				15A6D4DC290175AD00C5E54F /* ContentView.swift in Sources */,
				15C8A3352906AE30005F463C /* AnswerButton.swift in Sources */,
				15A1E4222902CFBD00603D8A /* StartTestView.swift in Sources */,
				15A6D4DA290175AD00C5E54F /* MemoryApp.swift in Sources */,
				15A1E42C2902DF2900603D8A /* AuditoryResult.swift in Sources */,
				15A1E4382902E98000603D8A /* FirstQuestion.swift in Sources */,
				15A1E43E2902F21100603D8A /* FourthQuestion.swift in Sources */,
				15A1E4282902D26400603D8A /* VisuallyResult.swift in Sources */,
				15A1E42A2902D5F200603D8A /* ColorHexPicker.swift in Sources */,
				15A1E43C2902F1EC00603D8A /* ThirdQuestion.swift in Sources */,
				15A1E43A2902F1C300603D8A /* SecondQuestion.swift in Sources */,
			);
			runOnlyForDeploymentPostprocessing = 0;
		};
/* End PBXSourcesBuildPhase section */

/* Begin XCBuildConfiguration section */
		15A6D4E2290175AD00C5E54F /* Debug */ = {
			isa = XCBuildConfiguration;
			buildSettings = {
				ALWAYS_SEARCH_USER_PATHS = NO;
				CLANG_ANALYZER_NONNULL = YES;
				CLANG_ANALYZER_NUMBER_OBJECT_CONVERSION = YES_AGGRESSIVE;
				CLANG_CXX_LANGUAGE_STANDARD = "gnu++20";
				CLANG_ENABLE_MODULES = YES;
				CLANG_ENABLE_OBJC_ARC = YES;
				CLANG_ENABLE_OBJC_WEAK = YES;
				CLANG_WARN_BLOCK_CAPTURE_AUTORELEASING = YES;
				CLANG_WARN_BOOL_CONVERSION = YES;
				CLANG_WARN_COMMA = YES;
				CLANG_WARN_CONSTANT_CONVERSION = YES;
				CLANG_WARN_DEPRECATED_OBJC_IMPLEMENTATIONS = YES;
				CLANG_WARN_DIRECT_OBJC_ISA_USAGE = YES_ERROR;
				CLANG_WARN_DOCUMENTATION_COMMENTS = YES;
				CLANG_WARN_EMPTY_BODY = YES;
				CLANG_WARN_ENUM_CONVERSION = YES;
				CLANG_WARN_INFINITE_RECURSION = YES;
				CLANG_WARN_INT_CONVERSION = YES;
				CLANG_WARN_NON_LITERAL_NULL_CONVERSION = YES;
				CLANG_WARN_OBJC_IMPLICIT_RETAIN_SELF = YES;
				CLANG_WARN_OBJC_LITERAL_CONVERSION = YES;
				CLANG_WARN_OBJC_ROOT_CLASS = YES_ERROR;
				CLANG_WARN_QUOTED_INCLUDE_IN_FRAMEWORK_HEADER = YES;
				CLANG_WARN_RANGE_LOOP_ANALYSIS = YES;
				CLANG_WARN_STRICT_PROTOTYPES = YES;
				CLANG_WARN_SUSPICIOUS_MOVE = YES;
				CLANG_WARN_UNGUARDED_AVAILABILITY = YES_AGGRESSIVE;
				CLANG_WARN_UNREACHABLE_CODE = YES;
				CLANG_WARN__DUPLICATE_METHOD_MATCH = YES;
				COPY_PHASE_STRIP = NO;
				DEBUG_INFORMATION_FORMAT = dwarf;
				ENABLE_STRICT_OBJC_MSGSEND = YES;
				ENABLE_TESTABILITY = YES;
				GCC_C_LANGUAGE_STANDARD = gnu11;
				GCC_DYNAMIC_NO_PIC = NO;
				GCC_NO_COMMON_BLOCKS = YES;
				GCC_OPTIMIZATION_LEVEL = 0;
				GCC_PREPROCESSOR_DEFINITIONS = (
					"DEBUG=1",
					"$(inherited)",
				);
				GCC_WARN_64_TO_32_BIT_CONVERSION = YES;
				GCC_WARN_ABOUT_RETURN_TYPE = YES_ERROR;
				GCC_WARN_UNDECLARED_SELECTOR = YES;
				GCC_WARN_UNINITIALIZED_AUTOS = YES_AGGRESSIVE;
				GCC_WARN_UNUSED_FUNCTION = YES;
				GCC_WARN_UNUSED_VARIABLE = YES;
				IPHONEOS_DEPLOYMENT_TARGET = 16.0;
				MTL_ENABLE_DEBUG_INFO = INCLUDE_SOURCE;
				MTL_FAST_MATH = YES;
				ONLY_ACTIVE_ARCH = YES;
				SDKROOT = iphoneos;
				SWIFT_ACTIVE_COMPILATION_CONDITIONS = DEBUG;
				SWIFT_OPTIMIZATION_LEVEL = "-Onone";
			};
			name = Debug;
		};
		15A6D4E3290175AD00C5E54F /* Release */ = {
			isa = XCBuildConfiguration;
			buildSettings = {
				ALWAYS_SEARCH_USER_PATHS = NO;
				CLANG_ANALYZER_NONNULL = YES;
				CLANG_ANALYZER_NUMBER_OBJECT_CONVERSION = YES_AGGRESSIVE;
				CLANG_CXX_LANGUAGE_STANDARD = "gnu++20";
				CLANG_ENABLE_MODULES = YES;
				CLANG_ENABLE_OBJC_ARC = YES;
				CLANG_ENABLE_OBJC_WEAK = YES;
				CLANG_WARN_BLOCK_CAPTURE_AUTORELEASING = YES;
				CLANG_WARN_BOOL_CONVERSION = YES;
				CLANG_WARN_COMMA = YES;
				CLANG_WARN_CONSTANT_CONVERSION = YES;
				CLANG_WARN_DEPRECATED_OBJC_IMPLEMENTATIONS = YES;
				CLANG_WARN_DIRECT_OBJC_ISA_USAGE = YES_ERROR;
				CLANG_WARN_DOCUMENTATION_COMMENTS = YES;
				CLANG_WARN_EMPTY_BODY = YES;
				CLANG_WARN_ENUM_CONVERSION = YES;
				CLANG_WARN_INFINITE_RECURSION = YES;
				CLANG_WARN_INT_CONVERSION = YES;
				CLANG_WARN_NON_LITERAL_NULL_CONVERSION = YES;
				CLANG_WARN_OBJC_IMPLICIT_RETAIN_SELF = YES;
				CLANG_WARN_OBJC_LITERAL_CONVERSION = YES;
				CLANG_WARN_OBJC_ROOT_CLASS = YES_ERROR;
				CLANG_WARN_QUOTED_INCLUDE_IN_FRAMEWORK_HEADER = YES;
				CLANG_WARN_RANGE_LOOP_ANALYSIS = YES;
				CLANG_WARN_STRICT_PROTOTYPES = YES;
				CLANG_WARN_SUSPICIOUS_MOVE = YES;
				CLANG_WARN_UNGUARDED_AVAILABILITY = YES_AGGRESSIVE;
				CLANG_WARN_UNREACHABLE_CODE = YES;
				CLANG_WARN__DUPLICATE_METHOD_MATCH = YES;
				COPY_PHASE_STRIP = NO;
				DEBUG_INFORMATION_FORMAT = "dwarf-with-dsym";
				ENABLE_NS_ASSERTIONS = NO;
				ENABLE_STRICT_OBJC_MSGSEND = YES;
				GCC_C_LANGUAGE_STANDARD = gnu11;
				GCC_NO_COMMON_BLOCKS = YES;
				GCC_WARN_64_TO_32_BIT_CONVERSION = YES;
				GCC_WARN_ABOUT_RETURN_TYPE = YES_ERROR;
				GCC_WARN_UNDECLARED_SELECTOR = YES;
				GCC_WARN_UNINITIALIZED_AUTOS = YES_AGGRESSIVE;
				GCC_WARN_UNUSED_FUNCTION = YES;
				GCC_WARN_UNUSED_VARIABLE = YES;
				IPHONEOS_DEPLOYMENT_TARGET = 16.0;
				MTL_ENABLE_DEBUG_INFO = NO;
				MTL_FAST_MATH = YES;
				SDKROOT = iphoneos;
				SWIFT_COMPILATION_MODE = wholemodule;
				SWIFT_OPTIMIZATION_LEVEL = "-O";
				VALIDATE_PRODUCT = YES;
			};
			name = Release;
		};
		15A6D4E5290175AD00C5E54F /* Debug */ = {
			isa = XCBuildConfiguration;
			buildSettings = {
				ASSETCATALOG_COMPILER_APPICON_NAME = AppIcon;
				ASSETCATALOG_COMPILER_GLOBAL_ACCENT_COLOR_NAME = AccentColor;
				CODE_SIGN_STYLE = Automatic;
				CURRENT_PROJECT_VERSION = 1;
				DEVELOPMENT_ASSET_PATHS = "\"Memory/Preview Content\"";
				ENABLE_PREVIEWS = YES;
				GENERATE_INFOPLIST_FILE = YES;
				INFOPLIST_KEY_UIApplicationSceneManifest_Generation = YES;
				INFOPLIST_KEY_UIApplicationSupportsIndirectInputEvents = YES;
				INFOPLIST_KEY_UILaunchScreen_Generation = YES;
				INFOPLIST_KEY_UISupportedInterfaceOrientations_iPad = "UIInterfaceOrientationPortrait UIInterfaceOrientationPortraitUpsideDown UIInterfaceOrientationLandscapeLeft UIInterfaceOrientationLandscapeRight";
				INFOPLIST_KEY_UISupportedInterfaceOrientations_iPhone = "UIInterfaceOrientationPortrait UIInterfaceOrientationLandscapeLeft UIInterfaceOrientationLandscapeRight";
				LD_RUNPATH_SEARCH_PATHS = (
					"$(inherited)",
					"@executable_path/Frameworks",
				);
				MARKETING_VERSION = 1.0;
				PRODUCT_BUNDLE_IDENTIFIER = com.alibaba.ada.Memory;
				PRODUCT_NAME = "$(TARGET_NAME)";
				SWIFT_EMIT_LOC_STRINGS = YES;
				SWIFT_VERSION = 5.0;
				TARGETED_DEVICE_FAMILY = "1,2";
			};
			name = Debug;
		};
		15A6D4E6290175AD00C5E54F /* Release */ = {
			isa = XCBuildConfiguration;
			buildSettings = {
				ASSETCATALOG_COMPILER_APPICON_NAME = AppIcon;
				ASSETCATALOG_COMPILER_GLOBAL_ACCENT_COLOR_NAME = AccentColor;
				CODE_SIGN_STYLE = Automatic;
				CURRENT_PROJECT_VERSION = 1;
				DEVELOPMENT_ASSET_PATHS = "\"Memory/Preview Content\"";
				ENABLE_PREVIEWS = YES;
				GENERATE_INFOPLIST_FILE = YES;
				INFOPLIST_KEY_UIApplicationSceneManifest_Generation = YES;
				INFOPLIST_KEY_UIApplicationSupportsIndirectInputEvents = YES;
				INFOPLIST_KEY_UILaunchScreen_Generation = YES;
				INFOPLIST_KEY_UISupportedInterfaceOrientations_iPad = "UIInterfaceOrientationPortrait UIInterfaceOrientationPortraitUpsideDown UIInterfaceOrientationLandscapeLeft UIInterfaceOrientationLandscapeRight";
				INFOPLIST_KEY_UISupportedInterfaceOrientations_iPhone = "UIInterfaceOrientationPortrait UIInterfaceOrientationLandscapeLeft UIInterfaceOrientationLandscapeRight";
				LD_RUNPATH_SEARCH_PATHS = (
					"$(inherited)",
					"@executable_path/Frameworks",
				);
				MARKETING_VERSION = 1.0;
				PRODUCT_BUNDLE_IDENTIFIER = com.alibaba.ada.Memory;
				PRODUCT_NAME = "$(TARGET_NAME)";
				SWIFT_EMIT_LOC_STRINGS = YES;
				SWIFT_VERSION = 5.0;
				TARGETED_DEVICE_FAMILY = "1,2";
			};
			name = Release;
		};
/* End XCBuildConfiguration section */

/* Begin XCConfigurationList section */
		15A6D4D1290175AD00C5E54F /* Build configuration list for PBXProject "Memory" */ = {
			isa = XCConfigurationList;
			buildConfigurations = (
				15A6D4E2290175AD00C5E54F /* Debug */,
				15A6D4E3290175AD00C5E54F /* Release */,
			);
			defaultConfigurationIsVisible = 0;
			defaultConfigurationName = Release;
		};
		15A6D4E4290175AD00C5E54F /* Build configuration list for PBXNativeTarget "Memory" */ = {
			isa = XCConfigurationList;
			buildConfigurations = (
				15A6D4E5290175AD00C5E54F /* Debug */,
				15A6D4E6290175AD00C5E54F /* Release */,
			);
			defaultConfigurationIsVisible = 0;
			defaultConfigurationName = Release;
		};
/* End XCConfigurationList section */
	};
	rootObject = 15A6D4CE290175AD00C5E54F /* Project object */;
}
